# This file is automatically @generated by Poetry 2.1.2 and should not be changed by hand.

[[package]]
name = "annotated-types"
version = "0.6.0"
description = "Reusable constraint types to use with typing.Annotated"
optional = false
python-versions = ">=3.8"
groups = ["main"]
files = [
    {file = "annotated_types-0.6.0-py3-none-any.whl", hash = "sha256:0641064de18ba7a25dee8f96403ebc39113d0cb953a01429249d5c7564666a43"},
    {file = "annotated_types-0.6.0.tar.gz", hash = "sha256:563339e807e53ffd9c267e99fc6d9ea23eb8443c08f112651963e24e22f84a5d"},
]

[[package]]
name = "anyio"
version = "4.3.0"
description = "High level compatibility layer for multiple asynchronous event loop implementations"
optional = false
python-versions = ">=3.8"
groups = ["main"]
files = [
    {file = "anyio-4.3.0-py3-none-any.whl", hash = "sha256:048e05d0f6caeed70d731f3db756d35dcc1f35747c8c403364a8332c630441b8"},
    {file = "anyio-4.3.0.tar.gz", hash = "sha256:f75253795a87df48568485fd18cdd2a3fa5c4f7c5be8e5e36637733fce06fed6"},
]

[package.dependencies]
idna = ">=2.8"
sniffio = ">=1.1"

[package.extras]
doc = ["Sphinx (>=7)", "packaging", "sphinx-autodoc-typehints (>=1.2.0)", "sphinx-rtd-theme"]
test = ["anyio[trio]", "coverage[toml] (>=7)", "exceptiongroup (>=1.2.0)", "hypothesis (>=4.0)", "psutil (>=5.9)", "pytest (>=7.0)", "pytest-mock (>=3.6.1)", "trustme", "uvloop (>=0.17) ; platform_python_implementation == \"CPython\" and platform_system != \"Windows\""]
trio = ["trio (>=0.23)"]

[[package]]
name = "click"
version = "8.1.7"
description = "Composable command line interface toolkit"
optional = false
python-versions = ">=3.7"
groups = ["main"]
files = [
    {file = "click-8.1.7-py3-none-any.whl", hash = "sha256:ae74fb96c20a0277a1d615f1e4d73c8414f5a98db8b799a7931d1582f3390c28"},
    {file = "click-8.1.7.tar.gz", hash = "sha256:ca9853ad459e787e2192211578cc907e7594e294c7ccc834310722b41b9ca6de"},
]

[package.dependencies]
colorama = {version = "*", markers = "platform_system == \"Windows\""}

[[package]]
name = "clickhouse-driver"
version = "0.2.7"
description = "Python driver with native interface for ClickHouse"
optional = false
python-versions = ">=3.7, <4"
groups = ["main"]
files = [
    {file = "clickhouse-driver-0.2.7.tar.gz", hash = "sha256:299cfbe6d561955d88eeab6e09f3de31e2f6daccc6fdd904a59e46357d2d28d9"},
    {file = "clickhouse_driver-0.2.7-cp310-cp310-macosx_10_9_x86_64.whl", hash = "sha256:c44fefc2fd44f432d5b162bfe34ad76840137c34167d46a18c554a7c7c6e3566"},
    {file = "clickhouse_driver-0.2.7-cp310-cp310-macosx_11_0_arm64.whl", hash = "sha256:e018452a7bf8d8c0adf958afbc5b0d29e402fc09a1fb34e9186293eae57f3b4e"},
    {file = "clickhouse_driver-0.2.7-cp310-cp310-manylinux_2_17_aarch64.manylinux2014_aarch64.whl", hash = "sha256:ff8b09f8b13df28d2f91ee3d0d2edd9589cbda76b74acf60669112219cea8c9d"},
    {file = "clickhouse_driver-0.2.7-cp310-cp310-manylinux_2_17_ppc64le.manylinux2014_ppc64le.whl", hash = "sha256:54aa91c9512fd5a73f038cae4f67ca2ff0b2f8a84de846179a31530936ef4e20"},
    {file = "clickhouse_driver-0.2.7-cp310-cp310-manylinux_2_17_s390x.manylinux2014_s390x.whl", hash = "sha256:b8342a7ba31ccb393ee31dfd61173aa84c995b4ac0b44d404adc8463534233d5"},
    {file = "clickhouse_driver-0.2.7-cp310-cp310-manylinux_2_17_x86_64.manylinux2014_x86_64.whl", hash = "sha256:199000f8adf38fade0b5a52c273a396168105539de741a18ba3e68d7fc06e0e6"},
    {file = "clickhouse_driver-0.2.7-cp310-cp310-manylinux_2_5_i686.manylinux1_i686.manylinux_2_17_i686.manylinux2014_i686.whl", hash = "sha256:f60a2a40602b207506e505cfb184a81cd4b752bde17153bc0b32c3931ddb792f"},
    {file = "clickhouse_driver-0.2.7-cp310-cp310-musllinux_1_1_aarch64.whl", hash = "sha256:5db3a26b18146b2b0b06d3f32ce588af5afaa38c719daf6f9606981514228a8b"},
    {file = "clickhouse_driver-0.2.7-cp310-cp310-musllinux_1_1_i686.whl", hash = "sha256:5579a31da1f3cf49630e43fbbb11cab891b78161abdcb33908b79820b7cd3a23"},
    {file = "clickhouse_driver-0.2.7-cp310-cp310-musllinux_1_1_ppc64le.whl", hash = "sha256:cc39f0fb761aed96917b0f55679174a50f9591afc0e696e745cd698ef822661f"},
    {file = "clickhouse_driver-0.2.7-cp310-cp310-musllinux_1_1_s390x.whl", hash = "sha256:9aa0f7c740e4e61886c6d388792c5d1a2084d4b5462e6dcfc24e30ca7e7f8e68"},
    {file = "clickhouse_driver-0.2.7-cp310-cp310-musllinux_1_1_x86_64.whl", hash = "sha256:2caee88b6eec7b33ddbccd24501ad99ff8ff2b0a6a4471945cbfb28947a9a791"},
    {file = "clickhouse_driver-0.2.7-cp310-cp310-win32.whl", hash = "sha256:a4aef432cc7120a971eebb7ca2fddac4472e810b57e403d3a371b0c69cbb2bb0"},
    {file = "clickhouse_driver-0.2.7-cp310-cp310-win_amd64.whl", hash = "sha256:f307de7df6bc23ad5ec8a1ba1db157f4d14de673ddd4798f37790f23255605b0"},
    {file = "clickhouse_driver-0.2.7-cp311-cp311-macosx_10_9_x86_64.whl", hash = "sha256:cbf3ca8919bf856ca6588669a863065fb732a32a6387095f64d19038fd99db9f"},
    {file = "clickhouse_driver-0.2.7-cp311-cp311-macosx_11_0_arm64.whl", hash = "sha256:ab68b3d9b9d1386adfd3a57edd47b62858a145bf7ccc7f11b31d308195d966e5"},
    {file = "clickhouse_driver-0.2.7-cp311-cp311-manylinux_2_17_aarch64.manylinux2014_aarch64.whl", hash = "sha256:985a9d60044c5ad39c6e018b852c7105ec4ebfdf4c3abe23183b4867454e570a"},
    {file = "clickhouse_driver-0.2.7-cp311-cp311-manylinux_2_17_ppc64le.manylinux2014_ppc64le.whl", hash = "sha256:6c94330054c8d92d2286898906f843f26e2f96fc2aa11a9a96a7b5593d299bf0"},
    {file = "clickhouse_driver-0.2.7-cp311-cp311-manylinux_2_17_s390x.manylinux2014_s390x.whl", hash = "sha256:92938f55c8f797e50e624a4b96e685178d043cdf0ede306a7fd4e7dda19b8dfd"},
    {file = "clickhouse_driver-0.2.7-cp311-cp311-manylinux_2_17_x86_64.manylinux2014_x86_64.whl", hash = "sha256:05bd53e9bf49c3013d06f9e6d2812872d44b150f7a2d1cf18e1498257d42330e"},
    {file = "clickhouse_driver-0.2.7-cp311-cp311-manylinux_2_5_i686.manylinux1_i686.manylinux_2_17_i686.manylinux2014_i686.whl", hash = "sha256:0f1f8ed5404e283a9ded499c33eade2423fdc15e31f8a711d75e91f890d0f70b"},
    {file = "clickhouse_driver-0.2.7-cp311-cp311-musllinux_1_1_aarch64.whl", hash = "sha256:a398085e4a1766d907ac32c282d4172db38a44243bde303372396208d1cbf4bb"},
    {file = "clickhouse_driver-0.2.7-cp311-cp311-musllinux_1_1_i686.whl", hash = "sha256:fa1808593123b6056f93808f0afbc7938f06a8149cb4e381aa7b1a234c1d3c18"},
    {file = "clickhouse_driver-0.2.7-cp311-cp311-musllinux_1_1_ppc64le.whl", hash = "sha256:0512d54ae23bd4a69278e04f42b651d7c71b63ba6043e2c6bd97b11329692f99"},
    {file = "clickhouse_driver-0.2.7-cp311-cp311-musllinux_1_1_s390x.whl", hash = "sha256:5bc2b67e7e68f74ccebf95a8b3a13f13a7c34b89b32c9813103221de14c06c8b"},
    {file = "clickhouse_driver-0.2.7-cp311-cp311-musllinux_1_1_x86_64.whl", hash = "sha256:04a37cdafc671cb796af3e566cef0aeb39111d82aebeecd9106a049434953b26"},
    {file = "clickhouse_driver-0.2.7-cp311-cp311-win32.whl", hash = "sha256:019538c7c23e976538e5081dd2f77a8a40bf663c638a62d857ff05f42b0c9052"},
    {file = "clickhouse_driver-0.2.7-cp311-cp311-win_amd64.whl", hash = "sha256:5166643683584bc53fcadda73c65f6a9077feb472f3d167ecef1a1a7024973aa"},
    {file = "clickhouse_driver-0.2.7-cp312-cp312-macosx_10_9_x86_64.whl", hash = "sha256:59affab7b5a3c4aab5b6a730f606575efdefea213458de2eb14927ee4e0640f4"},
    {file = "clickhouse_driver-0.2.7-cp312-cp312-macosx_11_0_arm64.whl", hash = "sha256:dcb93dd07fe65ac4f1a2bc0b8967911d4ad2152dbee000f025ea5cb575da5ecb"},
    {file = "clickhouse_driver-0.2.7-cp312-cp312-manylinux_2_17_aarch64.manylinux2014_aarch64.whl", hash = "sha256:55a48019b79181ae1ca90e980e74c5d413c3f8829f6744e2b056646c2d435a1a"},
    {file = "clickhouse_driver-0.2.7-cp312-cp312-manylinux_2_17_ppc64le.manylinux2014_ppc64le.whl", hash = "sha256:507463c9157240fd7c3246781e8c30df8db3c80bf68925b36ff3ad4a80c4b924"},
    {file = "clickhouse_driver-0.2.7-cp312-cp312-manylinux_2_17_s390x.manylinux2014_s390x.whl", hash = "sha256:1e2d8d2295ee9e0cfab8ad77cb635a05da2160334b4f16ed8c3d00fbf39a2343"},
    {file = "clickhouse_driver-0.2.7-cp312-cp312-manylinux_2_17_x86_64.manylinux2014_x86_64.whl", hash = "sha256:e38c44546dcdb956b5ab0944cb3d51e8c98f816e75bab1a2254c478865bc6e7b"},
    {file = "clickhouse_driver-0.2.7-cp312-cp312-manylinux_2_5_i686.manylinux1_i686.manylinux_2_17_i686.manylinux2014_i686.whl", hash = "sha256:e6690a2bdd9e7531fe50b53193279f8b35cbcd5c5ee36c0fcc112518a7d24f16"},
    {file = "clickhouse_driver-0.2.7-cp312-cp312-musllinux_1_1_aarch64.whl", hash = "sha256:bc6b4ba0a6467fd09021aa1d87a44fb4589600d61b010fca41e0dfffd0dee322"},
    {file = "clickhouse_driver-0.2.7-cp312-cp312-musllinux_1_1_i686.whl", hash = "sha256:254bbd400eb87ff547a08755bc714f712e11f7a6d3ebbbb7aaa1dd454fb16d44"},
    {file = "clickhouse_driver-0.2.7-cp312-cp312-musllinux_1_1_ppc64le.whl", hash = "sha256:7bbbe3f8b87fc1489bc15fa9c88cc9fac9d4d7d683d076f058c2c83e6ee422fd"},
    {file = "clickhouse_driver-0.2.7-cp312-cp312-musllinux_1_1_s390x.whl", hash = "sha256:745e5b18f0957d932151527f1523d0e516c199de8c589638e5f55ab2559886f3"},
    {file = "clickhouse_driver-0.2.7-cp312-cp312-musllinux_1_1_x86_64.whl", hash = "sha256:0fa0357fb5f26149e3df86a117d3678329b85d8827b78a5a09bbf224d8dd4541"},
    {file = "clickhouse_driver-0.2.7-cp312-cp312-win32.whl", hash = "sha256:ace652af7ca94ba3cb3a04a5c363e135dc5009f31d8201903e21db9d5daf2358"},
    {file = "clickhouse_driver-0.2.7-cp312-cp312-win_amd64.whl", hash = "sha256:c0ba68489544df89e4138a14b0ec3e1e5eb102d5d3283a91d9b837c420c0ab97"},
    {file = "clickhouse_driver-0.2.7-cp37-cp37m-macosx_10_9_x86_64.whl", hash = "sha256:66267e4ba21fa66c97ce784a5de2202d3b7d4db3e50bfcdde92830a68f6fae30"},
    {file = "clickhouse_driver-0.2.7-cp37-cp37m-manylinux_2_17_aarch64.manylinux2014_aarch64.whl", hash = "sha256:6cf55c285b75c178487407721baef4980b3c6515c9c0c1a6c1ea8b001afe658e"},
    {file = "clickhouse_driver-0.2.7-cp37-cp37m-manylinux_2_17_ppc64le.manylinux2014_ppc64le.whl", hash = "sha256:deeb66bb56490db2157f199c6d9aa2c53f046677be430cc834fc1e74eec6e654"},
    {file = "clickhouse_driver-0.2.7-cp37-cp37m-manylinux_2_17_s390x.manylinux2014_s390x.whl", hash = "sha256:dfe5b4020939abeeb407b4eead598c954b1573d2d2b4f174f793b196d378b9d9"},
    {file = "clickhouse_driver-0.2.7-cp37-cp37m-manylinux_2_17_x86_64.manylinux2014_x86_64.whl", hash = "sha256:84d39506b5f8d86a1195ebde1c66aba168f34ebce6ebd828888f0625cac54774"},
    {file = "clickhouse_driver-0.2.7-cp37-cp37m-manylinux_2_5_i686.manylinux1_i686.manylinux_2_17_i686.manylinux2014_i686.whl", hash = "sha256:f93a27db2dcbbd3ecad36e8df4395d047cb7410e2dc69f6d037674e15442f4ee"},
    {file = "clickhouse_driver-0.2.7-cp37-cp37m-musllinux_1_1_aarch64.whl", hash = "sha256:ebc29e501e47ecbfd44c89c0e5c87b2a722049d38b9e93fdd4bea510a82e16ac"},
    {file = "clickhouse_driver-0.2.7-cp37-cp37m-musllinux_1_1_i686.whl", hash = "sha256:f9cc8c186fea09a94d89e5c9c4e8d05ec3a80e2f6d25673c48efec8117a13cfc"},
    {file = "clickhouse_driver-0.2.7-cp37-cp37m-musllinux_1_1_ppc64le.whl", hash = "sha256:0757dfde5410c42230b24825ea3ab904a78160520e5ceb953482e133e368733b"},
    {file = "clickhouse_driver-0.2.7-cp37-cp37m-musllinux_1_1_s390x.whl", hash = "sha256:c9f88818cf411f928c29ba295c677cd95773bd256b8490f5655fb489e0c6658c"},
    {file = "clickhouse_driver-0.2.7-cp37-cp37m-musllinux_1_1_x86_64.whl", hash = "sha256:e19952f158ebe274c65ffeb294ba378d75048a48f31b77573948d606bed019d5"},
    {file = "clickhouse_driver-0.2.7-cp37-cp37m-win32.whl", hash = "sha256:008b1f32c7c68564de8051482b72a5289b6933bca9d9b1ad1474dd448d6768ba"},
    {file = "clickhouse_driver-0.2.7-cp37-cp37m-win_amd64.whl", hash = "sha256:622933cc9834c39f03de5d43a12f13fc7133d31d6d2597e67866d4a549ca9e60"},
    {file = "clickhouse_driver-0.2.7-cp38-cp38-macosx_10_9_x86_64.whl", hash = "sha256:92540581e5b5f36d915f14d05c30244870fb123c74b38c645fa47663053c5471"},
    {file = "clickhouse_driver-0.2.7-cp38-cp38-macosx_11_0_arm64.whl", hash = "sha256:02dfadc6111b64e01c20b8c11266cab97d4f06685a392a183af437f2f1afb990"},
    {file = "clickhouse_driver-0.2.7-cp38-cp38-manylinux_2_17_aarch64.manylinux2014_aarch64.whl", hash = "sha256:e3ca17fece86fe85d97705024bec881978271931b3d00db273c9d63244f7d606"},
    {file = "clickhouse_driver-0.2.7-cp38-cp38-manylinux_2_17_ppc64le.manylinux2014_ppc64le.whl", hash = "sha256:76474f1315ca3ab484ae28ad085b8f756c8b9a755882f93912b2149290482033"},
    {file = "clickhouse_driver-0.2.7-cp38-cp38-manylinux_2_17_s390x.manylinux2014_s390x.whl", hash = "sha256:f5c0ff12368b34aaf58dd948b0819e5b54d261911de334d3f048328dc9354013"},
    {file = "clickhouse_driver-0.2.7-cp38-cp38-manylinux_2_17_x86_64.manylinux2014_x86_64.whl", hash = "sha256:8cd441b17294e90e313b08fabf84fcc782c191d2b9b2a924f163928202db6fcc"},
    {file = "clickhouse_driver-0.2.7-cp38-cp38-manylinux_2_5_i686.manylinux1_i686.manylinux_2_17_i686.manylinux2014_i686.whl", hash = "sha256:62aa158f61d7d84c58e8cd75b3b8340b28607e5a70132395078f578d518aaae3"},
    {file = "clickhouse_driver-0.2.7-cp38-cp38-musllinux_1_1_aarch64.whl", hash = "sha256:bcb2a39a1fef8bf1b581f06125c2a84a5b92c939b079d1a95126e3207b05dc77"},
    {file = "clickhouse_driver-0.2.7-cp38-cp38-musllinux_1_1_i686.whl", hash = "sha256:1f29cc641a65e89a51a15f6d195f565ad2761d1bd653408c6b4046c987c5fb99"},
    {file = "clickhouse_driver-0.2.7-cp38-cp38-musllinux_1_1_ppc64le.whl", hash = "sha256:ac1a43690696bda46c9a23fc6fd79b6fe22d428a18e880bdbdf5e6aeb31008c5"},
    {file = "clickhouse_driver-0.2.7-cp38-cp38-musllinux_1_1_s390x.whl", hash = "sha256:1dd5ea4584c42f85d96ddfa7d07da2abb35a797c45e4d3a66ace149ee4977cad"},
    {file = "clickhouse_driver-0.2.7-cp38-cp38-musllinux_1_1_x86_64.whl", hash = "sha256:a736c0af858a3c83af03848b18754ab18dc594cc7f3bf6be0b1fac682def182c"},
    {file = "clickhouse_driver-0.2.7-cp38-cp38-win32.whl", hash = "sha256:6cb8ca47f5818c1bc5814b9ff775e383f3c50059b1fd28a02cb9be1b666929f8"},
    {file = "clickhouse_driver-0.2.7-cp38-cp38-win_amd64.whl", hash = "sha256:a90e7dc92985669a5e6569356bb3028d9d475f95006d4487cb0789aa53f9489c"},
    {file = "clickhouse_driver-0.2.7-cp39-cp39-macosx_10_9_x86_64.whl", hash = "sha256:04b77cd6c583da9135db4a62c5a7999ae248c2dbfc0cb8e8a3d8a853b1fbfa11"},
    {file = "clickhouse_driver-0.2.7-cp39-cp39-macosx_11_0_arm64.whl", hash = "sha256:c7671f8c0e8960d766b2e0eaefcae3088fccdd3920e9cd3dee8e344cfd0a6929"},
    {file = "clickhouse_driver-0.2.7-cp39-cp39-manylinux_2_17_aarch64.manylinux2014_aarch64.whl", hash = "sha256:502d7cd28522b95a399e993ffd48487e8c12c50ce2d4e89b77b938f945304405"},
    {file = "clickhouse_driver-0.2.7-cp39-cp39-manylinux_2_17_ppc64le.manylinux2014_ppc64le.whl", hash = "sha256:969739279f4010e7b5b6b2c9d2ab56a463aed11fdaed5e02424c1b3915f144f8"},
    {file = "clickhouse_driver-0.2.7-cp39-cp39-manylinux_2_17_s390x.manylinux2014_s390x.whl", hash = "sha256:ed34b60f741eeb02407ea72180d77cbfc368c1be6fc2f2ff8319d1856ce67e10"},
    {file = "clickhouse_driver-0.2.7-cp39-cp39-manylinux_2_17_x86_64.manylinux2014_x86_64.whl", hash = "sha256:a667b48927f4420eb8c03fa33369edfbdf359a788897a01ac945263a2a611461"},
    {file = "clickhouse_driver-0.2.7-cp39-cp39-manylinux_2_5_i686.manylinux1_i686.manylinux_2_17_i686.manylinux2014_i686.whl", hash = "sha256:1f93aa3a90f3847872d7464ec9076482b2e812c4e7d61682daedffdf3471be00"},
    {file = "clickhouse_driver-0.2.7-cp39-cp39-musllinux_1_1_aarch64.whl", hash = "sha256:190890667215691fdf2155c3b233b39146054ab1cd854c7d91221e6ed633d71e"},
    {file = "clickhouse_driver-0.2.7-cp39-cp39-musllinux_1_1_i686.whl", hash = "sha256:ff280aeac5e96c764cd31ba1077c95601337b9a97fb0b9ed4d24c64431f2c322"},
    {file = "clickhouse_driver-0.2.7-cp39-cp39-musllinux_1_1_ppc64le.whl", hash = "sha256:01e63e35d2ab55b8eb48facf6e951968c80d27ee6703aa6c91c73d9d0a4d0efe"},
    {file = "clickhouse_driver-0.2.7-cp39-cp39-musllinux_1_1_s390x.whl", hash = "sha256:a29fb24b910dafc8c11ba882797d13ec0323a97dce80a57673116fa893d1b669"},
    {file = "clickhouse_driver-0.2.7-cp39-cp39-musllinux_1_1_x86_64.whl", hash = "sha256:5f229a7853fc767e63143ea69889d49f6fd5623adc2f7b0f7eb360117d7e91a5"},
    {file = "clickhouse_driver-0.2.7-cp39-cp39-win32.whl", hash = "sha256:b7f34ad2ed509f48f8ed1f9b96e89765173a7b35d286c7350aa85934a11c0f49"},
    {file = "clickhouse_driver-0.2.7-cp39-cp39-win_amd64.whl", hash = "sha256:78b166597afbe490cc0cdac44fed8c8b81668f87125601dda17b154f237eef5d"},
    {file = "clickhouse_driver-0.2.7-pp310-pypy310_pp73-macosx_10_9_x86_64.whl", hash = "sha256:16ab64beb8d079cb9b3200539539a35168f524eedf890c9acefb719e25bdc96e"},
    {file = "clickhouse_driver-0.2.7-pp310-pypy310_pp73-manylinux_2_17_aarch64.manylinux2014_aarch64.whl", hash = "sha256:03e28fd50fc7c54874bf8e638a2ea87f73ae35bfbbf90123fdb395f38d62f159"},
    {file = "clickhouse_driver-0.2.7-pp310-pypy310_pp73-manylinux_2_17_x86_64.manylinux2014_x86_64.whl", hash = "sha256:0677b8350acd8d186b6acd0026b62dd262d6fee428a5fa3ad9561908d4b02c39"},
    {file = "clickhouse_driver-0.2.7-pp310-pypy310_pp73-manylinux_2_5_i686.manylinux1_i686.manylinux_2_17_i686.manylinux2014_i686.whl", hash = "sha256:a2f3c9e2182809131701bb28a606dec90525c7ab20490714714a4b3eb015454b"},
    {file = "clickhouse_driver-0.2.7-pp310-pypy310_pp73-win_amd64.whl", hash = "sha256:e03a1a1b30cc58c9bd2cbe25bf5e40b1f1d16d52d44ddefb3af50435d1ed613c"},
    {file = "clickhouse_driver-0.2.7-pp37-pypy37_pp73-macosx_10_9_x86_64.whl", hash = "sha256:a1be8081306a4beb12444ed8e3208e1eb6c01ed207c471b33009c13504c88139"},
    {file = "clickhouse_driver-0.2.7-pp37-pypy37_pp73-manylinux_2_17_aarch64.manylinux2014_aarch64.whl", hash = "sha256:933b40722cbca9b1123a5bb2fb4bafafd234deae0f3481125cb6b6fa1d39aa84"},
    {file = "clickhouse_driver-0.2.7-pp37-pypy37_pp73-manylinux_2_17_x86_64.manylinux2014_x86_64.whl", hash = "sha256:3054b5022f9bf15a5f4663a7cd190f466e70a2d7b8d45429d8742c515b556c10"},
    {file = "clickhouse_driver-0.2.7-pp37-pypy37_pp73-manylinux_2_5_i686.manylinux1_i686.manylinux_2_17_i686.manylinux2014_i686.whl", hash = "sha256:61744760ee046c9a268cb801ca21bfe44c4873db9901a7cd0f3ca8830205feff"},
    {file = "clickhouse_driver-0.2.7-pp37-pypy37_pp73-win_amd64.whl", hash = "sha256:5e28427e05a72e7a4c3672e36703a2d80107ee0b3ab537e3380d726c96b07821"},
    {file = "clickhouse_driver-0.2.7-pp38-pypy38_pp73-macosx_10_9_x86_64.whl", hash = "sha256:c483f5ec836ae87803478f2a7b9daf15343078edd6a8be7364dd9db64905bbd0"},
    {file = "clickhouse_driver-0.2.7-pp38-pypy38_pp73-manylinux_2_17_aarch64.manylinux2014_aarch64.whl", hash = "sha256:28220b794874e68bc2f06dbfff5748f1c5a3236922f59e127abd58d44ae20a3f"},
    {file = "clickhouse_driver-0.2.7-pp38-pypy38_pp73-manylinux_2_17_x86_64.manylinux2014_x86_64.whl", hash = "sha256:8c09877b59b34d5b3043ad70ec31543173cac8b64b4a8afaa89416b22fb28da5"},
    {file = "clickhouse_driver-0.2.7-pp38-pypy38_pp73-manylinux_2_5_i686.manylinux1_i686.manylinux_2_17_i686.manylinux2014_i686.whl", hash = "sha256:3580f78db27119f7380627873214ae1342066f1ecb35700c1d7bf418dd70ae73"},
    {file = "clickhouse_driver-0.2.7-pp38-pypy38_pp73-win_amd64.whl", hash = "sha256:0842ac1b2f7a9ca46dac2027849b241bccd8eb8ff1c59cb0a5874042b267b733"},
    {file = "clickhouse_driver-0.2.7-pp39-pypy39_pp73-macosx_10_9_x86_64.whl", hash = "sha256:7a3fb585e2d3514196258a4a3b0267510c03477f3c2380239ade4c056ba689a7"},
    {file = "clickhouse_driver-0.2.7-pp39-pypy39_pp73-manylinux_2_17_aarch64.manylinux2014_aarch64.whl", hash = "sha256:48ea25287566d45efbaee0857ad25e8b33ffd7fd73e89424d79fe7f532962915"},
    {file = "clickhouse_driver-0.2.7-pp39-pypy39_pp73-manylinux_2_17_x86_64.manylinux2014_x86_64.whl", hash = "sha256:ee4a4935667b59b4816a5ca77300f5dbe5a7416860551d17376426b8fefc1175"},
    {file = "clickhouse_driver-0.2.7-pp39-pypy39_pp73-manylinux_2_5_i686.manylinux1_i686.manylinux_2_17_i686.manylinux2014_i686.whl", hash = "sha256:358058cfceea9b43c4af9de81842563746f16984b34525a15b41eacf8fc2bed2"},
    {file = "clickhouse_driver-0.2.7-pp39-pypy39_pp73-win_amd64.whl", hash = "sha256:ae760fb843dec0b5c398536ca8dfaf243f494ba8fc68132ae1bd62004b0c396a"},
]

[package.dependencies]
pytz = "*"
tzlocal = "*"

[package.extras]
lz4 = ["clickhouse-cityhash (>=1.0.2.1)", "lz4 (<=3.0.1) ; implementation_name == \"pypy\"", "lz4 ; implementation_name != \"pypy\""]
numpy = ["numpy (>=1.12.0)", "pandas (>=0.24.0)"]
zstd = ["clickhouse-cityhash (>=1.0.2.1)", "zstd"]

[[package]]
name = "colorama"
version = "0.4.6"
description = "Cross-platform colored terminal text."
optional = false
python-versions = "!=3.0.*,!=3.1.*,!=3.2.*,!=3.3.*,!=3.4.*,!=3.5.*,!=3.6.*,>=2.7"
groups = ["main", "dev"]
files = [
    {file = "colorama-0.4.6-py2.py3-none-any.whl", hash = "sha256:4f1d9991f5acc0ca119f9d443620b77f9d6b33703e51011c16baf57afb285fc6"},
    {file = "colorama-0.4.6.tar.gz", hash = "sha256:08695f5cb7ed6e0531a20572697297273c47b8cae5a63ffc6d6ed5c201be6e44"},
]
markers = {main = "platform_system == \"Windows\"", dev = "sys_platform == \"win32\""}

[[package]]
name = "fastapi"
version = "0.110.2"
description = "FastAPI framework, high performance, easy to learn, fast to code, ready for production"
optional = false
python-versions = ">=3.8"
groups = ["main"]
files = [
    {file = "fastapi-0.110.2-py3-none-any.whl", hash = "sha256:239403f2c0a3dda07a9420f95157a7f014ddb2b770acdbc984f9bdf3ead7afdb"},
    {file = "fastapi-0.110.2.tar.gz", hash = "sha256:b53d673652da3b65e8cd787ad214ec0fe303cad00d2b529b86ce7db13f17518d"},
]

[package.dependencies]
pydantic = ">=1.7.4,<1.8 || >1.8,<1.8.1 || >1.8.1,<2.0.0 || >2.0.0,<2.0.1 || >2.0.1,<2.1.0 || >2.1.0,<3.0.0"
starlette = ">=0.37.2,<0.38.0"
typing-extensions = ">=4.8.0"

[package.extras]
all = ["email-validator (>=2.0.0)", "httpx (>=0.23.0)", "itsdangerous (>=1.1.0)", "jinja2 (>=2.11.2)", "orjson (>=3.2.1)", "pydantic-extra-types (>=2.0.0)", "pydantic-settings (>=2.0.0)", "python-multipart (>=0.0.7)", "pyyaml (>=5.3.1)", "ujson (>=4.0.1,!=4.0.2,!=4.1.0,!=4.2.0,!=4.3.0,!=5.0.0,!=5.1.0)", "uvicorn[standard] (>=0.12.0)"]

[[package]]
name = "h11"
version = "0.14.0"
description = "A pure-Python, bring-your-own-I/O implementation of HTTP/1.1"
optional = false
python-versions = ">=3.7"
groups = ["main"]
files = [
    {file = "h11-0.14.0-py3-none-any.whl", hash = "sha256:e3fe4ac4b851c468cc8363d500db52c2ead036020723024a109d37346efaa761"},
    {file = "h11-0.14.0.tar.gz", hash = "sha256:8f19fbbe99e72420ff35c00b27a34cb9937e902a8b810e2c88300c6f0a3b699d"},
]

[[package]]
name = "idna"
version = "3.7"
description = "Internationalized Domain Names in Applications (IDNA)"
optional = false
python-versions = ">=3.5"
groups = ["main"]
files = [
    {file = "idna-3.7-py3-none-any.whl", hash = "sha256:82fee1fc78add43492d3a1898bfa6d8a904cc97d8427f683ed8e798d07761aa0"},
    {file = "idna-3.7.tar.gz", hash = "sha256:028ff3aadf0609c1fd278d8ea3089299412a7a8b9bd005dd08b9f8285bcb5cfc"},
]

[[package]]
name = "iniconfig"
version = "2.0.0"
description = "brain-dead simple config-ini parsing"
optional = false
python-versions = ">=3.7"
groups = ["dev"]
files = [
    {file = "iniconfig-2.0.0-py3-none-any.whl", hash = "sha256:b6a85871a79d2e3b22d2d1b94ac2824226a63c6b741c88f7ae975f18b6778374"},
    {file = "iniconfig-2.0.0.tar.gz", hash = "sha256:2d91e135bf72d31a410b17c16da610a82cb55f6b0477d1a902134b24a455b8b3"},
]

[[package]]
name = "packaging"
version = "24.0"
description = "Core utilities for Python packages"
optional = false
python-versions = ">=3.7"
groups = ["dev"]
files = [
    {file = "packaging-24.0-py3-none-any.whl", hash = "sha256:2ddfb553fdf02fb784c234c7ba6ccc288296ceabec964ad2eae3777778130bc5"},
    {file = "packaging-24.0.tar.gz", hash = "sha256:eb82c5e3e56209074766e6885bb04b8c38a0c015d0a30036ebe7ece34c9989e9"},
]

[[package]]
name = "pluggy"
version = "1.5.0"
description = "plugin and hook calling mechanisms for python"
optional = false
python-versions = ">=3.8"
groups = ["dev"]
files = [
    {file = "pluggy-1.5.0-py3-none-any.whl", hash = "sha256:44e1ad92c8ca002de6377e165f3e0f1be63266ab4d554740532335b9d75ea669"},
    {file = "pluggy-1.5.0.tar.gz", hash = "sha256:2cffa88e94fdc978c4c574f15f9e59b7f4201d439195c3715ca9e2486f1d0cf1"},
]

[package.extras]
dev = ["pre-commit", "tox"]
testing = ["pytest", "pytest-benchmark"]

[[package]]
name = "pyasn1"
version = "0.6.0"
description = "Pure-Python implementation of ASN.1 types and DER/BER/CER codecs (X.208)"
optional = false
python-versions = ">=3.8"
groups = ["main"]
files = [
    {file = "pyasn1-0.6.0-py2.py3-none-any.whl", hash = "sha256:cca4bb0f2df5504f02f6f8a775b6e416ff9b0b3b16f7ee80b5a3153d9b804473"},
    {file = "pyasn1-0.6.0.tar.gz", hash = "sha256:3a35ab2c4b5ef98e17dfdec8ab074046fbda76e281c5a706ccd82328cfc8f64c"},
]

[[package]]
name = "pydantic"
version = "2.7.1"
description = "Data validation using Python type hints"
optional = false
python-versions = ">=3.8"
groups = ["main"]
files = [
    {file = "pydantic-2.7.1-py3-none-any.whl", hash = "sha256:e029badca45266732a9a79898a15ae2e8b14840b1eabbb25844be28f0b33f3d5"},
    {file = "pydantic-2.7.1.tar.gz", hash = "sha256:e9dbb5eada8abe4d9ae5f46b9939aead650cd2b68f249bb3a8139dbe125803cc"},
]

[package.dependencies]
annotated-types = ">=0.4.0"
pydantic-core = "2.18.2"
typing-extensions = ">=4.6.1"

[package.extras]
email = ["email-validator (>=2.0.0)"]

[[package]]
name = "pydantic-core"
version = "2.18.2"
description = "Core functionality for Pydantic validation and serialization"
optional = false
python-versions = ">=3.8"
groups = ["main"]
files = [
    {file = "pydantic_core-2.18.2-cp310-cp310-macosx_10_12_x86_64.whl", hash = "sha256:9e08e867b306f525802df7cd16c44ff5ebbe747ff0ca6cf3fde7f36c05a59a81"},
    {file = "pydantic_core-2.18.2-cp310-cp310-macosx_11_0_arm64.whl", hash = "sha256:f0a21cbaa69900cbe1a2e7cad2aa74ac3cf21b10c3efb0fa0b80305274c0e8a2"},
    {file = "pydantic_core-2.18.2-cp310-cp310-manylinux_2_17_aarch64.manylinux2014_aarch64.whl", hash = "sha256:0680b1f1f11fda801397de52c36ce38ef1c1dc841a0927a94f226dea29c3ae3d"},
    {file = "pydantic_core-2.18.2-cp310-cp310-manylinux_2_17_armv7l.manylinux2014_armv7l.whl", hash = "sha256:95b9d5e72481d3780ba3442eac863eae92ae43a5f3adb5b4d0a1de89d42bb250"},
    {file = "pydantic_core-2.18.2-cp310-cp310-manylinux_2_17_ppc64le.manylinux2014_ppc64le.whl", hash = "sha256:c4fcf5cd9c4b655ad666ca332b9a081112cd7a58a8b5a6ca7a3104bc950f2038"},
    {file = "pydantic_core-2.18.2-cp310-cp310-manylinux_2_17_s390x.manylinux2014_s390x.whl", hash = "sha256:9b5155ff768083cb1d62f3e143b49a8a3432e6789a3abee8acd005c3c7af1c74"},
    {file = "pydantic_core-2.18.2-cp310-cp310-manylinux_2_17_x86_64.manylinux2014_x86_64.whl", hash = "sha256:553ef617b6836fc7e4df130bb851e32fe357ce36336d897fd6646d6058d980af"},
    {file = "pydantic_core-2.18.2-cp310-cp310-manylinux_2_5_i686.manylinux1_i686.whl", hash = "sha256:b89ed9eb7d616ef5714e5590e6cf7f23b02d0d539767d33561e3675d6f9e3857"},
    {file = "pydantic_core-2.18.2-cp310-cp310-musllinux_1_1_aarch64.whl", hash = "sha256:75f7e9488238e920ab6204399ded280dc4c307d034f3924cd7f90a38b1829563"},
    {file = "pydantic_core-2.18.2-cp310-cp310-musllinux_1_1_x86_64.whl", hash = "sha256:ef26c9e94a8c04a1b2924149a9cb081836913818e55681722d7f29af88fe7b38"},
    {file = "pydantic_core-2.18.2-cp310-none-win32.whl", hash = "sha256:182245ff6b0039e82b6bb585ed55a64d7c81c560715d1bad0cbad6dfa07b4027"},
    {file = "pydantic_core-2.18.2-cp310-none-win_amd64.whl", hash = "sha256:e23ec367a948b6d812301afc1b13f8094ab7b2c280af66ef450efc357d2ae543"},
    {file = "pydantic_core-2.18.2-cp311-cp311-macosx_10_12_x86_64.whl", hash = "sha256:219da3f096d50a157f33645a1cf31c0ad1fe829a92181dd1311022f986e5fbe3"},
    {file = "pydantic_core-2.18.2-cp311-cp311-macosx_11_0_arm64.whl", hash = "sha256:cc1cfd88a64e012b74e94cd00bbe0f9c6df57049c97f02bb07d39e9c852e19a4"},
    {file = "pydantic_core-2.18.2-cp311-cp311-manylinux_2_17_aarch64.manylinux2014_aarch64.whl", hash = "sha256:05b7133a6e6aeb8df37d6f413f7705a37ab4031597f64ab56384c94d98fa0e90"},
    {file = "pydantic_core-2.18.2-cp311-cp311-manylinux_2_17_armv7l.manylinux2014_armv7l.whl", hash = "sha256:224c421235f6102e8737032483f43c1a8cfb1d2f45740c44166219599358c2cd"},
    {file = "pydantic_core-2.18.2-cp311-cp311-manylinux_2_17_ppc64le.manylinux2014_ppc64le.whl", hash = "sha256:b14d82cdb934e99dda6d9d60dc84a24379820176cc4a0d123f88df319ae9c150"},
    {file = "pydantic_core-2.18.2-cp311-cp311-manylinux_2_17_s390x.manylinux2014_s390x.whl", hash = "sha256:2728b01246a3bba6de144f9e3115b532ee44bd6cf39795194fb75491824a1413"},
    {file = "pydantic_core-2.18.2-cp311-cp311-manylinux_2_17_x86_64.manylinux2014_x86_64.whl", hash = "sha256:470b94480bb5ee929f5acba6995251ada5e059a5ef3e0dfc63cca287283ebfa6"},
    {file = "pydantic_core-2.18.2-cp311-cp311-manylinux_2_5_i686.manylinux1_i686.whl", hash = "sha256:997abc4df705d1295a42f95b4eec4950a37ad8ae46d913caeee117b6b198811c"},
    {file = "pydantic_core-2.18.2-cp311-cp311-musllinux_1_1_aarch64.whl", hash = "sha256:75250dbc5290e3f1a0f4618db35e51a165186f9034eff158f3d490b3fed9f8a0"},
    {file = "pydantic_core-2.18.2-cp311-cp311-musllinux_1_1_x86_64.whl", hash = "sha256:4456f2dca97c425231d7315737d45239b2b51a50dc2b6f0c2bb181fce6207664"},
    {file = "pydantic_core-2.18.2-cp311-none-win32.whl", hash = "sha256:269322dcc3d8bdb69f054681edff86276b2ff972447863cf34c8b860f5188e2e"},
    {file = "pydantic_core-2.18.2-cp311-none-win_amd64.whl", hash = "sha256:800d60565aec896f25bc3cfa56d2277d52d5182af08162f7954f938c06dc4ee3"},
    {file = "pydantic_core-2.18.2-cp311-none-win_arm64.whl", hash = "sha256:1404c69d6a676245199767ba4f633cce5f4ad4181f9d0ccb0577e1f66cf4c46d"},
    {file = "pydantic_core-2.18.2-cp312-cp312-macosx_10_12_x86_64.whl", hash = "sha256:fb2bd7be70c0fe4dfd32c951bc813d9fe6ebcbfdd15a07527796c8204bd36242"},
    {file = "pydantic_core-2.18.2-cp312-cp312-macosx_11_0_arm64.whl", hash = "sha256:6132dd3bd52838acddca05a72aafb6eab6536aa145e923bb50f45e78b7251043"},
    {file = "pydantic_core-2.18.2-cp312-cp312-manylinux_2_17_aarch64.manylinux2014_aarch64.whl", hash = "sha256:d7d904828195733c183d20a54230c0df0eb46ec746ea1a666730787353e87182"},
    {file = "pydantic_core-2.18.2-cp312-cp312-manylinux_2_17_armv7l.manylinux2014_armv7l.whl", hash = "sha256:c9bd70772c720142be1020eac55f8143a34ec9f82d75a8e7a07852023e46617f"},
    {file = "pydantic_core-2.18.2-cp312-cp312-manylinux_2_17_ppc64le.manylinux2014_ppc64le.whl", hash = "sha256:2b8ed04b3582771764538f7ee7001b02e1170223cf9b75dff0bc698fadb00cf3"},
    {file = "pydantic_core-2.18.2-cp312-cp312-manylinux_2_17_s390x.manylinux2014_s390x.whl", hash = "sha256:e6dac87ddb34aaec85f873d737e9d06a3555a1cc1a8e0c44b7f8d5daeb89d86f"},
    {file = "pydantic_core-2.18.2-cp312-cp312-manylinux_2_17_x86_64.manylinux2014_x86_64.whl", hash = "sha256:7ca4ae5a27ad7a4ee5170aebce1574b375de390bc01284f87b18d43a3984df72"},
    {file = "pydantic_core-2.18.2-cp312-cp312-manylinux_2_5_i686.manylinux1_i686.whl", hash = "sha256:886eec03591b7cf058467a70a87733b35f44707bd86cf64a615584fd72488b7c"},
    {file = "pydantic_core-2.18.2-cp312-cp312-musllinux_1_1_aarch64.whl", hash = "sha256:ca7b0c1f1c983e064caa85f3792dd2fe3526b3505378874afa84baf662e12241"},
    {file = "pydantic_core-2.18.2-cp312-cp312-musllinux_1_1_x86_64.whl", hash = "sha256:4b4356d3538c3649337df4074e81b85f0616b79731fe22dd11b99499b2ebbdf3"},
    {file = "pydantic_core-2.18.2-cp312-none-win32.whl", hash = "sha256:8b172601454f2d7701121bbec3425dd71efcb787a027edf49724c9cefc14c038"},
    {file = "pydantic_core-2.18.2-cp312-none-win_amd64.whl", hash = "sha256:b1bd7e47b1558ea872bd16c8502c414f9e90dcf12f1395129d7bb42a09a95438"},
    {file = "pydantic_core-2.18.2-cp312-none-win_arm64.whl", hash = "sha256:98758d627ff397e752bc339272c14c98199c613f922d4a384ddc07526c86a2ec"},
    {file = "pydantic_core-2.18.2-cp38-cp38-macosx_10_12_x86_64.whl", hash = "sha256:9fdad8e35f278b2c3eb77cbdc5c0a49dada440657bf738d6905ce106dc1de439"},
    {file = "pydantic_core-2.18.2-cp38-cp38-macosx_11_0_arm64.whl", hash = "sha256:1d90c3265ae107f91a4f279f4d6f6f1d4907ac76c6868b27dc7fb33688cfb347"},
    {file = "pydantic_core-2.18.2-cp38-cp38-manylinux_2_17_aarch64.manylinux2014_aarch64.whl", hash = "sha256:390193c770399861d8df9670fb0d1874f330c79caaca4642332df7c682bf6b91"},
    {file = "pydantic_core-2.18.2-cp38-cp38-manylinux_2_17_armv7l.manylinux2014_armv7l.whl", hash = "sha256:82d5d4d78e4448683cb467897fe24e2b74bb7b973a541ea1dcfec1d3cbce39fb"},
    {file = "pydantic_core-2.18.2-cp38-cp38-manylinux_2_17_ppc64le.manylinux2014_ppc64le.whl", hash = "sha256:4774f3184d2ef3e14e8693194f661dea5a4d6ca4e3dc8e39786d33a94865cefd"},
    {file = "pydantic_core-2.18.2-cp38-cp38-manylinux_2_17_s390x.manylinux2014_s390x.whl", hash = "sha256:d4d938ec0adf5167cb335acb25a4ee69a8107e4984f8fbd2e897021d9e4ca21b"},
    {file = "pydantic_core-2.18.2-cp38-cp38-manylinux_2_17_x86_64.manylinux2014_x86_64.whl", hash = "sha256:e0e8b1be28239fc64a88a8189d1df7fad8be8c1ae47fcc33e43d4be15f99cc70"},
    {file = "pydantic_core-2.18.2-cp38-cp38-manylinux_2_5_i686.manylinux1_i686.whl", hash = "sha256:868649da93e5a3d5eacc2b5b3b9235c98ccdbfd443832f31e075f54419e1b96b"},
    {file = "pydantic_core-2.18.2-cp38-cp38-musllinux_1_1_aarch64.whl", hash = "sha256:78363590ef93d5d226ba21a90a03ea89a20738ee5b7da83d771d283fd8a56761"},
    {file = "pydantic_core-2.18.2-cp38-cp38-musllinux_1_1_x86_64.whl", hash = "sha256:852e966fbd035a6468fc0a3496589b45e2208ec7ca95c26470a54daed82a0788"},
    {file = "pydantic_core-2.18.2-cp38-none-win32.whl", hash = "sha256:6a46e22a707e7ad4484ac9ee9f290f9d501df45954184e23fc29408dfad61350"},
    {file = "pydantic_core-2.18.2-cp38-none-win_amd64.whl", hash = "sha256:d91cb5ea8b11607cc757675051f61b3d93f15eca3cefb3e6c704a5d6e8440f4e"},
    {file = "pydantic_core-2.18.2-cp39-cp39-macosx_10_12_x86_64.whl", hash = "sha256:ae0a8a797a5e56c053610fa7be147993fe50960fa43609ff2a9552b0e07013e8"},
    {file = "pydantic_core-2.18.2-cp39-cp39-macosx_11_0_arm64.whl", hash = "sha256:042473b6280246b1dbf530559246f6842b56119c2926d1e52b631bdc46075f2a"},
    {file = "pydantic_core-2.18.2-cp39-cp39-manylinux_2_17_aarch64.manylinux2014_aarch64.whl", hash = "sha256:1a388a77e629b9ec814c1b1e6b3b595fe521d2cdc625fcca26fbc2d44c816804"},
    {file = "pydantic_core-2.18.2-cp39-cp39-manylinux_2_17_armv7l.manylinux2014_armv7l.whl", hash = "sha256:e25add29b8f3b233ae90ccef2d902d0ae0432eb0d45370fe315d1a5cf231004b"},
    {file = "pydantic_core-2.18.2-cp39-cp39-manylinux_2_17_ppc64le.manylinux2014_ppc64le.whl", hash = "sha256:f459a5ce8434614dfd39bbebf1041952ae01da6bed9855008cb33b875cb024c0"},
    {file = "pydantic_core-2.18.2-cp39-cp39-manylinux_2_17_s390x.manylinux2014_s390x.whl", hash = "sha256:eff2de745698eb46eeb51193a9f41d67d834d50e424aef27df2fcdee1b153845"},
    {file = "pydantic_core-2.18.2-cp39-cp39-manylinux_2_17_x86_64.manylinux2014_x86_64.whl", hash = "sha256:a8309f67285bdfe65c372ea3722b7a5642680f3dba538566340a9d36e920b5f0"},
    {file = "pydantic_core-2.18.2-cp39-cp39-manylinux_2_5_i686.manylinux1_i686.whl", hash = "sha256:f93a8a2e3938ff656a7c1bc57193b1319960ac015b6e87d76c76bf14fe0244b4"},
    {file = "pydantic_core-2.18.2-cp39-cp39-musllinux_1_1_aarch64.whl", hash = "sha256:22057013c8c1e272eb8d0eebc796701167d8377441ec894a8fed1af64a0bf399"},
    {file = "pydantic_core-2.18.2-cp39-cp39-musllinux_1_1_x86_64.whl", hash = "sha256:cfeecd1ac6cc1fb2692c3d5110781c965aabd4ec5d32799773ca7b1456ac636b"},
    {file = "pydantic_core-2.18.2-cp39-none-win32.whl", hash = "sha256:0d69b4c2f6bb3e130dba60d34c0845ba31b69babdd3f78f7c0c8fae5021a253e"},
    {file = "pydantic_core-2.18.2-cp39-none-win_amd64.whl", hash = "sha256:d9319e499827271b09b4e411905b24a426b8fb69464dfa1696258f53a3334641"},
    {file = "pydantic_core-2.18.2-pp310-pypy310_pp73-macosx_10_12_x86_64.whl", hash = "sha256:a1874c6dd4113308bd0eb568418e6114b252afe44319ead2b4081e9b9521fe75"},
    {file = "pydantic_core-2.18.2-pp310-pypy310_pp73-macosx_11_0_arm64.whl", hash = "sha256:ccdd111c03bfd3666bd2472b674c6899550e09e9f298954cfc896ab92b5b0e6d"},
    {file = "pydantic_core-2.18.2-pp310-pypy310_pp73-manylinux_2_17_aarch64.manylinux2014_aarch64.whl", hash = "sha256:e18609ceaa6eed63753037fc06ebb16041d17d28199ae5aba0052c51449650a9"},
    {file = "pydantic_core-2.18.2-pp310-pypy310_pp73-manylinux_2_17_x86_64.manylinux2014_x86_64.whl", hash = "sha256:6e5c584d357c4e2baf0ff7baf44f4994be121e16a2c88918a5817331fc7599d7"},
    {file = "pydantic_core-2.18.2-pp310-pypy310_pp73-manylinux_2_5_i686.manylinux1_i686.whl", hash = "sha256:43f0f463cf89ace478de71a318b1b4f05ebc456a9b9300d027b4b57c1a2064fb"},
    {file = "pydantic_core-2.18.2-pp310-pypy310_pp73-musllinux_1_1_aarch64.whl", hash = "sha256:e1b395e58b10b73b07b7cf740d728dd4ff9365ac46c18751bf8b3d8cca8f625a"},
    {file = "pydantic_core-2.18.2-pp310-pypy310_pp73-musllinux_1_1_x86_64.whl", hash = "sha256:0098300eebb1c837271d3d1a2cd2911e7c11b396eac9661655ee524a7f10587b"},
    {file = "pydantic_core-2.18.2-pp310-pypy310_pp73-win_amd64.whl", hash = "sha256:36789b70d613fbac0a25bb07ab3d9dba4d2e38af609c020cf4d888d165ee0bf3"},
    {file = "pydantic_core-2.18.2-pp39-pypy39_pp73-macosx_10_12_x86_64.whl", hash = "sha256:3f9a801e7c8f1ef8718da265bba008fa121243dfe37c1cea17840b0944dfd72c"},
    {file = "pydantic_core-2.18.2-pp39-pypy39_pp73-macosx_11_0_arm64.whl", hash = "sha256:3a6515ebc6e69d85502b4951d89131ca4e036078ea35533bb76327f8424531ce"},
    {file = "pydantic_core-2.18.2-pp39-pypy39_pp73-manylinux_2_17_aarch64.manylinux2014_aarch64.whl", hash = "sha256:20aca1e2298c56ececfd8ed159ae4dde2df0781988c97ef77d5c16ff4bd5b400"},
    {file = "pydantic_core-2.18.2-pp39-pypy39_pp73-manylinux_2_17_x86_64.manylinux2014_x86_64.whl", hash = "sha256:223ee893d77a310a0391dca6df00f70bbc2f36a71a895cecd9a0e762dc37b349"},
    {file = "pydantic_core-2.18.2-pp39-pypy39_pp73-manylinux_2_5_i686.manylinux1_i686.whl", hash = "sha256:2334ce8c673ee93a1d6a65bd90327588387ba073c17e61bf19b4fd97d688d63c"},
    {file = "pydantic_core-2.18.2-pp39-pypy39_pp73-musllinux_1_1_aarch64.whl", hash = "sha256:cbca948f2d14b09d20268cda7b0367723d79063f26c4ffc523af9042cad95592"},
    {file = "pydantic_core-2.18.2-pp39-pypy39_pp73-musllinux_1_1_x86_64.whl", hash = "sha256:b3ef08e20ec49e02d5c6717a91bb5af9b20f1805583cb0adfe9ba2c6b505b5ae"},
    {file = "pydantic_core-2.18.2-pp39-pypy39_pp73-win_amd64.whl", hash = "sha256:c6fdc8627910eed0c01aed6a390a252fe3ea6d472ee70fdde56273f198938374"},
    {file = "pydantic_core-2.18.2.tar.gz", hash = "sha256:2e29d20810dfc3043ee13ac7d9e25105799817683348823f305ab3f349b9386e"},
]

[package.dependencies]
typing-extensions = ">=4.6.0,<4.7.0 || >4.7.0"

[[package]]
name = "pydantic-settings"
version = "2.2.1"
description = "Settings management using Pydantic"
optional = false
python-versions = ">=3.8"
groups = ["main"]
files = [
    {file = "pydantic_settings-2.2.1-py3-none-any.whl", hash = "sha256:0235391d26db4d2190cb9b31051c4b46882d28a51533f97440867f012d4da091"},
    {file = "pydantic_settings-2.2.1.tar.gz", hash = "sha256:00b9f6a5e95553590434c0fa01ead0b216c3e10bc54ae02e37f359948643c5ed"},
]

[package.dependencies]
pydantic = ">=2.3.0"
python-dotenv = ">=0.21.0"

[package.extras]
toml = ["tomli (>=2.0.1)"]
yaml = ["pyyaml (>=6.0.1)"]

[[package]]
name = "pysmb"
version = "1.2.9.1"
description = "pysmb is an experimental SMB/CIFS library written in Python to support file sharing between Windows and Linux machines"
optional = false
python-versions = "*"
groups = ["main"]
files = [
    {file = "pysmb-1.2.9.1.zip", hash = "sha256:ad613988d54b1317ca0466dc3546f47b2dddea16e645d755d29fb75a86903326"},
]

[package.dependencies]
pyasn1 = "*"
tqdm = "*"

[[package]]
name = "pytest"
version = "8.1.1"
description = "pytest: simple powerful testing with Python"
optional = false
python-versions = ">=3.8"
groups = ["dev"]
files = [
    {file = "pytest-8.1.1-py3-none-any.whl", hash = "sha256:2a8386cfc11fa9d2c50ee7b2a57e7d898ef90470a7a34c4b949ff59662bb78b7"},
    {file = "pytest-8.1.1.tar.gz", hash = "sha256:ac978141a75948948817d360297b7aae0fcb9d6ff6bc9ec6d514b85d5a65c044"},
]

[package.dependencies]
colorama = {version = "*", markers = "sys_platform == \"win32\""}
iniconfig = "*"
packaging = "*"
pluggy = ">=1.4,<2.0"

[package.extras]
testing = ["argcomplete", "attrs (>=19.2)", "hypothesis (>=3.56)", "mock", "pygments (>=2.7.2)", "requests", "setuptools", "xmlschema"]

[[package]]
name = "python-dotenv"
version = "1.0.1"
description = "Read key-value pairs from a .env file and set them as environment variables"
optional = false
python-versions = ">=3.8"
groups = ["main"]
files = [
    {file = "python-dotenv-1.0.1.tar.gz", hash = "sha256:e324ee90a023d808f1959c46bcbc04446a10ced277783dc6ee09987c37ec10ca"},
    {file = "python_dotenv-1.0.1-py3-none-any.whl", hash = "sha256:f7b63ef50f1b690dddf550d03497b66d609393b40b564ed0d674909a68ebf16a"},
]

[package.extras]
cli = ["click (>=5.0)"]

[[package]]
name = "pytz"
version = "2024.1"
description = "World timezone definitions, modern and historical"
optional = false
python-versions = "*"
groups = ["main"]
files = [
    {file = "pytz-2024.1-py2.py3-none-any.whl", hash = "sha256:328171f4e3623139da4983451950b28e95ac706e13f3f2630a879749e7a8b319"},
    {file = "pytz-2024.1.tar.gz", hash = "sha256:2a29735ea9c18baf14b448846bde5a48030ed267578472d8955cd0e7443a9812"},
]

[[package]]
name = "sniffio"
version = "1.3.1"
description = "Sniff out which async library your code is running under"
optional = false
python-versions = ">=3.7"
groups = ["main"]
files = [
    {file = "sniffio-1.3.1-py3-none-any.whl", hash = "sha256:2f6da418d1f1e0fddd844478f41680e794e6051915791a034ff65e5f100525a2"},
    {file = "sniffio-1.3.1.tar.gz", hash = "sha256:f4324edc670a0f49750a81b895f35c3adb843cca46f0530f79fc1babb23789dc"},
]

[[package]]
name = "starlette"
version = "0.37.2"
description = "The little ASGI library that shines."
optional = false
python-versions = ">=3.8"
groups = ["main"]
files = [
    {file = "starlette-0.37.2-py3-none-any.whl", hash = "sha256:6fe59f29268538e5d0d182f2791a479a0c64638e6935d1c6989e63fb2699c6ee"},
    {file = "starlette-0.37.2.tar.gz", hash = "sha256:9af890290133b79fc3db55474ade20f6220a364a0402e0b556e7cd5e1e093823"},
]

[package.dependencies]
anyio = ">=3.4.0,<5"

[package.extras]
full = ["httpx (>=0.22.0)", "itsdangerous", "jinja2", "python-multipart (>=0.0.7)", "pyyaml"]

[[package]]
name = "tqdm"
version = "4.66.2"
description = "Fast, Extensible Progress Meter"
optional = false
python-versions = ">=3.7"
groups = ["main"]
files = [
    {file = "tqdm-4.66.2-py3-none-any.whl", hash = "sha256:1ee4f8a893eb9bef51c6e35730cebf234d5d0b6bd112b0271e10ed7c24a02bd9"},
    {file = "tqdm-4.66.2.tar.gz", hash = "sha256:6cd52cdf0fef0e0f543299cfc96fec90d7b8a7e88745f411ec33eb44d5ed3531"},
]

[package.dependencies]
colorama = {version = "*", markers = "platform_system == \"Windows\""}

[package.extras]
dev = ["pytest (>=6)", "pytest-cov", "pytest-timeout", "pytest-xdist"]
notebook = ["ipywidgets (>=6)"]
slack = ["slack-sdk"]
telegram = ["requests"]

[[package]]
name = "typing-extensions"
version = "4.11.0"
description = "Backported and Experimental Type Hints for Python 3.8+"
optional = false
python-versions = ">=3.8"
groups = ["main"]
files = [
    {file = "typing_extensions-4.11.0-py3-none-any.whl", hash = "sha256:c1f94d72897edaf4ce775bb7558d5b79d8126906a14ea5ed1635921406c0387a"},
    {file = "typing_extensions-4.11.0.tar.gz", hash = "sha256:83f085bd5ca59c80295fc2a82ab5dac679cbe02b9f33f7d83af68e241bea51b0"},
]

[[package]]
name = "tzdata"
version = "2024.1"
description = "Provider of IANA time zone data"
optional = false
python-versions = ">=2"
groups = ["main"]
markers = "platform_system == \"Windows\""
files = [
    {file = "tzdata-2024.1-py2.py3-none-any.whl", hash = "sha256:9068bc196136463f5245e51efda838afa15aaeca9903f49050dfa2679db4d252"},
    {file = "tzdata-2024.1.tar.gz", hash = "sha256:2674120f8d891909751c38abcdfd386ac0a5a1127954fbc332af6b5ceae07efd"},
]

[[package]]
name = "tzlocal"
version = "5.2"
description = "tzinfo object for the local timezone"
optional = false
python-versions = ">=3.8"
groups = ["main"]
files = [
    {file = "tzlocal-5.2-py3-none-any.whl", hash = "sha256:49816ef2fe65ea8ac19d19aa7a1ae0551c834303d5014c6d5a62e4cbda8047b8"},
    {file = "tzlocal-5.2.tar.gz", hash = "sha256:8d399205578f1a9342816409cc1e46a93ebd5755e39ea2d85334bea911bf0e6e"},
]

[package.dependencies]
tzdata = {version = "*", markers = "platform_system == \"Windows\""}

[package.extras]
devenv = ["check-manifest", "pytest (>=4.3)", "pytest-cov", "pytest-mock (>=3.3)", "zest.releaser"]

[[package]]
name = "uvicorn"
version = "0.29.0"
description = "The lightning-fast ASGI server."
optional = false
python-versions = ">=3.8"
groups = ["main"]
files = [
    {file = "uvicorn-0.29.0-py3-none-any.whl", hash = "sha256:2c2aac7ff4f4365c206fd773a39bf4ebd1047c238f8b8268ad996829323473de"},
    {file = "uvicorn-0.29.0.tar.gz", hash = "sha256:6a69214c0b6a087462412670b3ef21224fa48cae0e452b5883e8e8bdfdd11dd0"},
]

[package.dependencies]
click = ">=7.0"
h11 = ">=0.8"

[package.extras]
standard = ["colorama (>=0.4) ; sys_platform == \"win32\"", "httptools (>=0.5.0)", "python-dotenv (>=0.13)", "pyyaml (>=5.1)", "uvloop (>=0.14.0,!=0.15.0,!=0.15.1) ; sys_platform != \"win32\" and sys_platform != \"cygwin\" and platform_python_implementation != \"PyPy\"", "watchfiles (>=0.13)", "websockets (>=10.4)"]

[metadata]
lock-version = "2.1"
python-versions = "^3.12"
content-hash = "c99b7975269b6704eddf00c3782a532f1a039fddcc3f27ef65ec453609f6eda9"
